<Solution>
  <Configurations>
    <Platform Name="Any CPU" />
  </Configurations>
  <Project Path="NearestNeighbor.Benchmark/NearestNeighborSearch.Benchmark.csproj" />
  <Project Path="NearestNeighbor/NearestNeighborSearch.csproj" />
  <Project Path="NearestNeighborTests/NearestNeighborTests.csproj" />
</Solution>
